// !$*UTF8*$!
{
	archiveVersion = 1;
	classes = {
	};
	objectVersion = 56;
	objects = {

/* Begin PBXBuildFile section */
		DE0E2BDD2A59C50700AEDB9C /* TabBarController.swift in Sources */ = {isa = PBXBuildFile; fileRef = DE0E2BDC2A59C50700AEDB9C /* TabBarController.swift */; };
		DE1C6A3529EDAA9B006555B7 /* SingleImageViewController.swift in Sources */ = {isa = PBXBuildFile; fileRef = DE1C6A3429EDAA9B006555B7 /* SingleImageViewController.swift */; };
		DE1E57AB29EB2B2A00A6EBF8 /* ImagesListCell.swift in Sources */ = {isa = PBXBuildFile; fileRef = DE1E57AA29EB2B2A00A6EBF8 /* ImagesListCell.swift */; };
		DE1E57AE29EB514B00A6EBF8 /* SFPro_Regular.ttf in Resources */ = {isa = PBXBuildFile; fileRef = DE1E57AD29EB514B00A6EBF8 /* SFPro_Regular.ttf */; };
		DE2017E129F850E2009C4976 /* AuthViewController.swift in Sources */ = {isa = PBXBuildFile; fileRef = DE2017E029F850E2009C4976 /* AuthViewController.swift */; };
		DE2017E429F85479009C4976 /* WebViewViewController.swift in Sources */ = {isa = PBXBuildFile; fileRef = DE2017E329F85479009C4976 /* WebViewViewController.swift */; };
		DE2B2D5E2A46DF2500BD534B /* URLSessionExtentoin.swift in Sources */ = {isa = PBXBuildFile; fileRef = DE2B2D5D2A46DF2500BD534B /* URLSessionExtentoin.swift */; };
		DE38B1FC2A18161C00CCD7D0 /* ProgressHUD in Frameworks */ = {isa = PBXBuildFile; productRef = DE38B1FB2A18161C00CCD7D0 /* ProgressHUD */; };
		DE3910B22A0C0EBF00D59AB3 /* SplashViewController.swift in Sources */ = {isa = PBXBuildFile; fileRef = DE3910B12A0C0EBF00D59AB3 /* SplashViewController.swift */; };
		DE3D67882A4E1C0A00B5D969 /* Kingfisher in Frameworks */ = {isa = PBXBuildFile; productRef = DE3D67872A4E1C0A00B5D969 /* Kingfisher */; };
		DE3DBCAB29F5B41400727600 /* Constants.swift in Sources */ = {isa = PBXBuildFile; fileRef = DE3DBCAA29F5B41400727600 /* Constants.swift */; };
		DE7903882A081BCF00BDA691 /* OAuthTokenResponseBody.swift in Sources */ = {isa = PBXBuildFile; fileRef = DE7903872A081BCF00BDA691 /* OAuthTokenResponseBody.swift */; };
		DE79038A2A081BF400BDA691 /* OAuth2Service.swift in Sources */ = {isa = PBXBuildFile; fileRef = DE7903892A081BF400BDA691 /* OAuth2Service.swift */; };
		DE79038C2A081C7200BDA691 /* OAuth2TokenStorage.swift in Sources */ = {isa = PBXBuildFile; fileRef = DE79038B2A081C7200BDA691 /* OAuth2TokenStorage.swift */; };
		DE8FE0922A3B78B60027AA41 /* ProfileImageService.swift in Sources */ = {isa = PBXBuildFile; fileRef = DE8FE0912A3B78B60027AA41 /* ProfileImageService.swift */; };
		DEA8505329EC7D8600AB6BCE /* ProfileViewController.swift in Sources */ = {isa = PBXBuildFile; fileRef = DEA8505229EC7D8600AB6BCE /* ProfileViewController.swift */; };
		DEA8505529EC835100AB6BCE /* SFPro_Bold.ttf in Resources */ = {isa = PBXBuildFile; fileRef = DEA8505429EC835100AB6BCE /* SFPro_Bold.ttf */; };
		DEC749C429CB7BF1006FD1A6 /* AppDelegate.swift in Sources */ = {isa = PBXBuildFile; fileRef = DEC749C329CB7BF1006FD1A6 /* AppDelegate.swift */; };
		DEC749C629CB7BF1006FD1A6 /* SceneDelegate.swift in Sources */ = {isa = PBXBuildFile; fileRef = DEC749C529CB7BF1006FD1A6 /* SceneDelegate.swift */; };
		DEC749C829CB7BF1006FD1A6 /* ImagesListViewController.swift in Sources */ = {isa = PBXBuildFile; fileRef = DEC749C729CB7BF1006FD1A6 /* ImagesListViewController.swift */; };
		DEC749CB29CB7BF1006FD1A6 /* Main.storyboard in Resources */ = {isa = PBXBuildFile; fileRef = DEC749C929CB7BF1006FD1A6 /* Main.storyboard */; };
		DEC749CD29CB7BF1006FD1A6 /* Assets.xcassets in Resources */ = {isa = PBXBuildFile; fileRef = DEC749CC29CB7BF1006FD1A6 /* Assets.xcassets */; };
		DEC749D029CB7BF1006FD1A6 /* LaunchScreen.storyboard in Resources */ = {isa = PBXBuildFile; fileRef = DEC749CE29CB7BF1006FD1A6 /* LaunchScreen.storyboard */; };
		DECBA47B2A4F5DA000C28714 /* SwiftKeychainWrapper in Frameworks */ = {isa = PBXBuildFile; productRef = DECBA47A2A4F5DA000C28714 /* SwiftKeychainWrapper */; };
		DED216152A23BBD200D18FFB /* ProfileService.swift in Sources */ = {isa = PBXBuildFile; fileRef = DED216142A23BBD200D18FFB /* ProfileService.swift */; };
		DEDB4F2C2A214235004E2082 /* UIBlockingProgressHUD.swift in Sources */ = {isa = PBXBuildFile; fileRef = DEDB4F2B2A214235004E2082 /* UIBlockingProgressHUD.swift */; };
/* End PBXBuildFile section */

/* Begin PBXFileReference section */
		DE0E2BDC2A59C50700AEDB9C /* TabBarController.swift */ = {isa = PBXFileReference; lastKnownFileType = sourcecode.swift; path = TabBarController.swift; sourceTree = "<group>"; };
		DE1C6A3429EDAA9B006555B7 /* SingleImageViewController.swift */ = {isa = PBXFileReference; lastKnownFileType = sourcecode.swift; path = SingleImageViewController.swift; sourceTree = "<group>"; };
		DE1E57AA29EB2B2A00A6EBF8 /* ImagesListCell.swift */ = {isa = PBXFileReference; lastKnownFileType = sourcecode.swift; path = ImagesListCell.swift; sourceTree = "<group>"; };
		DE1E57AD29EB514B00A6EBF8 /* SFPro_Regular.ttf */ = {isa = PBXFileReference; lastKnownFileType = file; path = SFPro_Regular.ttf; sourceTree = "<group>"; };
		DE2017E029F850E2009C4976 /* AuthViewController.swift */ = {isa = PBXFileReference; lastKnownFileType = sourcecode.swift; path = AuthViewController.swift; sourceTree = "<group>"; };
		DE2017E329F85479009C4976 /* WebViewViewController.swift */ = {isa = PBXFileReference; lastKnownFileType = sourcecode.swift; path = WebViewViewController.swift; sourceTree = "<group>"; };
		DE2B2D5D2A46DF2500BD534B /* URLSessionExtentoin.swift */ = {isa = PBXFileReference; lastKnownFileType = sourcecode.swift; path = URLSessionExtentoin.swift; sourceTree = "<group>"; };
		DE3910B12A0C0EBF00D59AB3 /* SplashViewController.swift */ = {isa = PBXFileReference; lastKnownFileType = sourcecode.swift; path = SplashViewController.swift; sourceTree = "<group>"; };
		DE3DBCAA29F5B41400727600 /* Constants.swift */ = {isa = PBXFileReference; lastKnownFileType = sourcecode.swift; path = Constants.swift; sourceTree = "<group>"; };
		DE7903872A081BCF00BDA691 /* OAuthTokenResponseBody.swift */ = {isa = PBXFileReference; lastKnownFileType = sourcecode.swift; path = OAuthTokenResponseBody.swift; sourceTree = "<group>"; };
		DE7903892A081BF400BDA691 /* OAuth2Service.swift */ = {isa = PBXFileReference; lastKnownFileType = sourcecode.swift; path = OAuth2Service.swift; sourceTree = "<group>"; };
		DE79038B2A081C7200BDA691 /* OAuth2TokenStorage.swift */ = {isa = PBXFileReference; lastKnownFileType = sourcecode.swift; path = OAuth2TokenStorage.swift; sourceTree = "<group>"; };
		DE8FE0912A3B78B60027AA41 /* ProfileImageService.swift */ = {isa = PBXFileReference; lastKnownFileType = sourcecode.swift; path = ProfileImageService.swift; sourceTree = "<group>"; };
		DEA8505229EC7D8600AB6BCE /* ProfileViewController.swift */ = {isa = PBXFileReference; lastKnownFileType = sourcecode.swift; path = ProfileViewController.swift; sourceTree = "<group>"; };
		DEA8505429EC835100AB6BCE /* SFPro_Bold.ttf */ = {isa = PBXFileReference; lastKnownFileType = file; path = SFPro_Bold.ttf; sourceTree = "<group>"; };
		DEC749C029CB7BF1006FD1A6 /* unsplashViewer.app */ = {isa = PBXFileReference; explicitFileType = wrapper.application; includeInIndex = 0; path = unsplashViewer.app; sourceTree = BUILT_PRODUCTS_DIR; };
		DEC749C329CB7BF1006FD1A6 /* AppDelegate.swift */ = {isa = PBXFileReference; lastKnownFileType = sourcecode.swift; path = AppDelegate.swift; sourceTree = "<group>"; };
		DEC749C529CB7BF1006FD1A6 /* SceneDelegate.swift */ = {isa = PBXFileReference; lastKnownFileType = sourcecode.swift; path = SceneDelegate.swift; sourceTree = "<group>"; };
		DEC749C729CB7BF1006FD1A6 /* ImagesListViewController.swift */ = {isa = PBXFileReference; lastKnownFileType = sourcecode.swift; path = ImagesListViewController.swift; sourceTree = "<group>"; };
		DEC749CA29CB7BF1006FD1A6 /* Base */ = {isa = PBXFileReference; lastKnownFileType = file.storyboard; name = Base; path = Base.lproj/Main.storyboard; sourceTree = "<group>"; };
		DEC749CC29CB7BF1006FD1A6 /* Assets.xcassets */ = {isa = PBXFileReference; lastKnownFileType = folder.assetcatalog; path = Assets.xcassets; sourceTree = "<group>"; };
		DEC749CF29CB7BF1006FD1A6 /* Base */ = {isa = PBXFileReference; lastKnownFileType = file.storyboard; name = Base; path = Base.lproj/LaunchScreen.storyboard; sourceTree = "<group>"; };
		DEC749D129CB7BF1006FD1A6 /* Info.plist */ = {isa = PBXFileReference; lastKnownFileType = text.plist.xml; path = Info.plist; sourceTree = "<group>"; };
		DED216142A23BBD200D18FFB /* ProfileService.swift */ = {isa = PBXFileReference; lastKnownFileType = sourcecode.swift; path = ProfileService.swift; sourceTree = "<group>"; };
		DEDB4F2B2A214235004E2082 /* UIBlockingProgressHUD.swift */ = {isa = PBXFileReference; lastKnownFileType = sourcecode.swift; path = UIBlockingProgressHUD.swift; sourceTree = "<group>"; };
/* End PBXFileReference section */

/* Begin PBXFrameworksBuildPhase section */
		DEC749BD29CB7BF0006FD1A6 /* Frameworks */ = {
			isa = PBXFrameworksBuildPhase;
			buildActionMask = 2147483647;
			files = (
				DE3D67882A4E1C0A00B5D969 /* Kingfisher in Frameworks */,
				DE38B1FC2A18161C00CCD7D0 /* ProgressHUD in Frameworks */,
				DECBA47B2A4F5DA000C28714 /* SwiftKeychainWrapper in Frameworks */,
			);
			runOnlyForDeploymentPostprocessing = 0;
		};
/* End PBXFrameworksBuildPhase section */

/* Begin PBXGroup section */
		DE1E57AC29EB513400A6EBF8 /* Fonts */ = {
			isa = PBXGroup;
			children = (
				DE1E57AD29EB514B00A6EBF8 /* SFPro_Regular.ttf */,
				DEA8505429EC835100AB6BCE /* SFPro_Bold.ttf */,
			);
			path = Fonts;
			sourceTree = "<group>";
		};
		DE2017E229F852E3009C4976 /* Auth */ = {
			isa = PBXGroup;
			children = (
				DE7903872A081BCF00BDA691 /* OAuthTokenResponseBody.swift */,
				DE7903892A081BF400BDA691 /* OAuth2Service.swift */,
				DEDB4F2B2A214235004E2082 /* UIBlockingProgressHUD.swift */,
				DE2017E029F850E2009C4976 /* AuthViewController.swift */,
				DE79038B2A081C7200BDA691 /* OAuth2TokenStorage.swift */,
				DE2017E329F85479009C4976 /* WebViewViewController.swift */,
				DE3910B12A0C0EBF00D59AB3 /* SplashViewController.swift */,
			);
			path = Auth;
			sourceTree = "<group>";
		};
		DE2B2D5C2A46DEA500BD534B /* Extentions */ = {
			isa = PBXGroup;
			children = (
				DE2B2D5D2A46DF2500BD534B /* URLSessionExtentoin.swift */,
			);
			path = Extentions;
			sourceTree = "<group>";
		};
		DEC749B729CB7BF0006FD1A6 = {
			isa = PBXGroup;
			children = (
				DEC749C229CB7BF1006FD1A6 /* unsplashViewer */,
				DEC749C129CB7BF1006FD1A6 /* Products */,
			);
			sourceTree = "<group>";
		};
		DEC749C129CB7BF1006FD1A6 /* Products */ = {
			isa = PBXGroup;
			children = (
				DEC749C029CB7BF1006FD1A6 /* unsplashViewer.app */,
			);
			name = Products;
			sourceTree = "<group>";
		};
		DEC749C229CB7BF1006FD1A6 /* unsplashViewer */ = {
			isa = PBXGroup;
			children = (
				DE2B2D5C2A46DEA500BD534B /* Extentions */,
				DE1E57AC29EB513400A6EBF8 /* Fonts */,
				DE3DBCAA29F5B41400727600 /* Constants.swift */,
				DEC749C729CB7BF1006FD1A6 /* ImagesListViewController.swift */,
				DE1E57AA29EB2B2A00A6EBF8 /* ImagesListCell.swift */,
				DEC749C929CB7BF1006FD1A6 /* Main.storyboard */,
				DE2017E229F852E3009C4976 /* Auth */,
				DEFF7DBF29FC5F520016208F /* SingleImage */,
				DEFF7DBE29FC5F410016208F /* Profile */,
				DEC749C329CB7BF1006FD1A6 /* AppDelegate.swift */,
				DEC749C529CB7BF1006FD1A6 /* SceneDelegate.swift */,
				DEC749CC29CB7BF1006FD1A6 /* Assets.xcassets */,
				DEC749CE29CB7BF1006FD1A6 /* LaunchScreen.storyboard */,
				DEC749D129CB7BF1006FD1A6 /* Info.plist */,
				DE0E2BDC2A59C50700AEDB9C /* TabBarController.swift */,
			);
			path = unsplashViewer;
			sourceTree = "<group>";
		};
		DEFF7DBE29FC5F410016208F /* Profile */ = {
			isa = PBXGroup;
			children = (
				DEA8505229EC7D8600AB6BCE /* ProfileViewController.swift */,
				DED216142A23BBD200D18FFB /* ProfileService.swift */,
				DE8FE0912A3B78B60027AA41 /* ProfileImageService.swift */,
			);
			path = Profile;
			sourceTree = "<group>";
		};
		DEFF7DBF29FC5F520016208F /* SingleImage */ = {
			isa = PBXGroup;
			children = (
				DE1C6A3429EDAA9B006555B7 /* SingleImageViewController.swift */,
			);
			path = SingleImage;
			sourceTree = "<group>";
		};
/* End PBXGroup section */

/* Begin PBXNativeTarget section */
		DEC749BF29CB7BF0006FD1A6 /* unsplashViewer */ = {
			isa = PBXNativeTarget;
			buildConfigurationList = DEC749D429CB7BF1006FD1A6 /* Build configuration list for PBXNativeTarget "unsplashViewer" */;
			buildPhases = (
				DEC749BC29CB7BF0006FD1A6 /* Sources */,
				DEC749BD29CB7BF0006FD1A6 /* Frameworks */,
				DEC749BE29CB7BF0006FD1A6 /* Resources */,
			);
			buildRules = (
			);
			dependencies = (
			);
			name = unsplashViewer;
			packageProductDependencies = (
				DE38B1FB2A18161C00CCD7D0 /* ProgressHUD */,
				DE3D67872A4E1C0A00B5D969 /* Kingfisher */,
				DECBA47A2A4F5DA000C28714 /* SwiftKeychainWrapper */,
			);
			productName = unsplashViewer;
			productReference = DEC749C029CB7BF1006FD1A6 /* unsplashViewer.app */;
			productType = "com.apple.product-type.application";
		};
/* End PBXNativeTarget section */

/* Begin PBXProject section */
		DEC749B829CB7BF0006FD1A6 /* Project object */ = {
			isa = PBXProject;
			attributes = {
				BuildIndependentTargetsInParallel = 1;
				LastSwiftUpdateCheck = 1420;
				LastUpgradeCheck = 1420;
				TargetAttributes = {
					DEC749BF29CB7BF0006FD1A6 = {
						CreatedOnToolsVersion = 14.2;
					};
				};
			};
			buildConfigurationList = DEC749BB29CB7BF0006FD1A6 /* Build configuration list for PBXProject "unsplashViewer" */;
			compatibilityVersion = "Xcode 14.0";
			developmentRegion = en;
			hasScannedForEncodings = 0;
			knownRegions = (
				en,
				Base,
			);
			mainGroup = DEC749B729CB7BF0006FD1A6;
			packageReferences = (
				DE38B1FA2A18161C00CCD7D0 /* XCRemoteSwiftPackageReference "ProgressHUD" */,
				DE3D67862A4E1C0A00B5D969 /* XCRemoteSwiftPackageReference "Kingfisher" */,
				DECBA4792A4F5DA000C28714 /* XCRemoteSwiftPackageReference "SwiftKeychainWrapper" */,
			);
			productRefGroup = DEC749C129CB7BF1006FD1A6 /* Products */;
			projectDirPath = "";
			projectRoot = "";
			targets = (
				DEC749BF29CB7BF0006FD1A6 /* unsplashViewer */,
			);
		};
/* End PBXProject section */

/* Begin PBXResourcesBuildPhase section */
		DEC749BE29CB7BF0006FD1A6 /* Resources */ = {
			isa = PBXResourcesBuildPhase;
			buildActionMask = 2147483647;
			files = (
				DEA8505529EC835100AB6BCE /* SFPro_Bold.ttf in Resources */,
				DE1E57AE29EB514B00A6EBF8 /* SFPro_Regular.ttf in Resources */,
				DEC749D029CB7BF1006FD1A6 /* LaunchScreen.storyboard in Resources */,
				DEC749CD29CB7BF1006FD1A6 /* Assets.xcassets in Resources */,
				DEC749CB29CB7BF1006FD1A6 /* Main.storyboard in Resources */,
			);
			runOnlyForDeploymentPostprocessing = 0;
		};
/* End PBXResourcesBuildPhase section */

/* Begin PBXSourcesBuildPhase section */
		DEC749BC29CB7BF0006FD1A6 /* Sources */ = {
			isa = PBXSourcesBuildPhase;
			buildActionMask = 2147483647;
			files = (
				DE79038C2A081C7200BDA691 /* OAuth2TokenStorage.swift in Sources */,
				DE2B2D5E2A46DF2500BD534B /* URLSessionExtentoin.swift in Sources */,
				DEC749C829CB7BF1006FD1A6 /* ImagesListViewController.swift in Sources */,
				DE0E2BDD2A59C50700AEDB9C /* TabBarController.swift in Sources */,
				DE1E57AB29EB2B2A00A6EBF8 /* ImagesListCell.swift in Sources */,
				DEA8505329EC7D8600AB6BCE /* ProfileViewController.swift in Sources */,
				DEC749C429CB7BF1006FD1A6 /* AppDelegate.swift in Sources */,
				DE79038A2A081BF400BDA691 /* OAuth2Service.swift in Sources */,
				DE3910B22A0C0EBF00D59AB3 /* SplashViewController.swift in Sources */,
				DE7903882A081BCF00BDA691 /* OAuthTokenResponseBody.swift in Sources */,
				DE2017E129F850E2009C4976 /* AuthViewController.swift in Sources */,
				DE8FE0922A3B78B60027AA41 /* ProfileImageService.swift in Sources */,
				DE3DBCAB29F5B41400727600 /* Constants.swift in Sources */,
				DE1C6A3529EDAA9B006555B7 /* SingleImageViewController.swift in Sources */,
				DE2017E429F85479009C4976 /* WebViewViewController.swift in Sources */,
				DEC749C629CB7BF1006FD1A6 /* SceneDelegate.swift in Sources */,
				DEDB4F2C2A214235004E2082 /* UIBlockingProgressHUD.swift in Sources */,
				DED216152A23BBD200D18FFB /* ProfileService.swift in Sources */,
			);
			runOnlyForDeploymentPostprocessing = 0;
		};
/* End PBXSourcesBuildPhase section */

/* Begin PBXVariantGroup section */
		DEC749C929CB7BF1006FD1A6 /* Main.storyboard */ = {
			isa = PBXVariantGroup;
			children = (
				DEC749CA29CB7BF1006FD1A6 /* Base */,
			);
			name = Main.storyboard;
			sourceTree = "<group>";
		};
		DEC749CE29CB7BF1006FD1A6 /* LaunchScreen.storyboard */ = {
			isa = PBXVariantGroup;
			children = (
				DEC749CF29CB7BF1006FD1A6 /* Base */,
			);
			name = LaunchScreen.storyboard;
			sourceTree = "<group>";
		};
/* End PBXVariantGroup section */

/* Begin XCBuildConfiguration section */
		DEC749D229CB7BF1006FD1A6 /* Debug */ = {
			isa = XCBuildConfiguration;
			buildSettings = {
				ALWAYS_SEARCH_USER_PATHS = NO;
				CLANG_ANALYZER_NONNULL = YES;
				CLANG_ANALYZER_NUMBER_OBJECT_CONVERSION = YES_AGGRESSIVE;
				CLANG_CXX_LANGUAGE_STANDARD = "gnu++20";
				CLANG_ENABLE_MODULES = YES;
				CLANG_ENABLE_OBJC_ARC = YES;
				CLANG_ENABLE_OBJC_WEAK = YES;
				CLANG_WARN_BLOCK_CAPTURE_AUTORELEASING = YES;
				CLANG_WARN_BOOL_CONVERSION = YES;
				CLANG_WARN_COMMA = YES;
				CLANG_WARN_CONSTANT_CONVERSION = YES;
				CLANG_WARN_DEPRECATED_OBJC_IMPLEMENTATIONS = YES;
				CLANG_WARN_DIRECT_OBJC_ISA_USAGE = YES_ERROR;
				CLANG_WARN_DOCUMENTATION_COMMENTS = YES;
				CLANG_WARN_EMPTY_BODY = YES;
				CLANG_WARN_ENUM_CONVERSION = YES;
				CLANG_WARN_INFINITE_RECURSION = YES;
				CLANG_WARN_INT_CONVERSION = YES;
				CLANG_WARN_NON_LITERAL_NULL_CONVERSION = YES;
				CLANG_WARN_OBJC_IMPLICIT_RETAIN_SELF = YES;
				CLANG_WARN_OBJC_LITERAL_CONVERSION = YES;
				CLANG_WARN_OBJC_ROOT_CLASS = YES_ERROR;
				CLANG_WARN_QUOTED_INCLUDE_IN_FRAMEWORK_HEADER = YES;
				CLANG_WARN_RANGE_LOOP_ANALYSIS = YES;
				CLANG_WARN_STRICT_PROTOTYPES = YES;
				CLANG_WARN_SUSPICIOUS_MOVE = YES;
				CLANG_WARN_UNGUARDED_AVAILABILITY = YES_AGGRESSIVE;
				CLANG_WARN_UNREACHABLE_CODE = YES;
				CLANG_WARN__DUPLICATE_METHOD_MATCH = YES;
				COPY_PHASE_STRIP = NO;
				DEBUG_INFORMATION_FORMAT = dwarf;
				ENABLE_STRICT_OBJC_MSGSEND = YES;
				ENABLE_TESTABILITY = YES;
				GCC_C_LANGUAGE_STANDARD = gnu11;
				GCC_DYNAMIC_NO_PIC = NO;
				GCC_NO_COMMON_BLOCKS = YES;
				GCC_OPTIMIZATION_LEVEL = 0;
				GCC_PREPROCESSOR_DEFINITIONS = (
					"DEBUG=1",
					"$(inherited)",
				);
				GCC_WARN_64_TO_32_BIT_CONVERSION = YES;
				GCC_WARN_ABOUT_RETURN_TYPE = YES_ERROR;
				GCC_WARN_UNDECLARED_SELECTOR = YES;
				GCC_WARN_UNINITIALIZED_AUTOS = YES_AGGRESSIVE;
				GCC_WARN_UNUSED_FUNCTION = YES;
				GCC_WARN_UNUSED_VARIABLE = YES;
				IPHONEOS_DEPLOYMENT_TARGET = 16.2;
				MTL_ENABLE_DEBUG_INFO = INCLUDE_SOURCE;
				MTL_FAST_MATH = YES;
				ONLY_ACTIVE_ARCH = YES;
				SDKROOT = iphoneos;
				SWIFT_ACTIVE_COMPILATION_CONDITIONS = DEBUG;
				SWIFT_OPTIMIZATION_LEVEL = "-Onone";
			};
			name = Debug;
		};
		DEC749D329CB7BF1006FD1A6 /* Release */ = {
			isa = XCBuildConfiguration;
			buildSettings = {
				ALWAYS_SEARCH_USER_PATHS = NO;
				CLANG_ANALYZER_NONNULL = YES;
				CLANG_ANALYZER_NUMBER_OBJECT_CONVERSION = YES_AGGRESSIVE;
				CLANG_CXX_LANGUAGE_STANDARD = "gnu++20";
				CLANG_ENABLE_MODULES = YES;
				CLANG_ENABLE_OBJC_ARC = YES;
				CLANG_ENABLE_OBJC_WEAK = YES;
				CLANG_WARN_BLOCK_CAPTURE_AUTORELEASING = YES;
				CLANG_WARN_BOOL_CONVERSION = YES;
				CLANG_WARN_COMMA = YES;
				CLANG_WARN_CONSTANT_CONVERSION = YES;
				CLANG_WARN_DEPRECATED_OBJC_IMPLEMENTATIONS = YES;
				CLANG_WARN_DIRECT_OBJC_ISA_USAGE = YES_ERROR;
				CLANG_WARN_DOCUMENTATION_COMMENTS = YES;
				CLANG_WARN_EMPTY_BODY = YES;
				CLANG_WARN_ENUM_CONVERSION = YES;
				CLANG_WARN_INFINITE_RECURSION = YES;
				CLANG_WARN_INT_CONVERSION = YES;
				CLANG_WARN_NON_LITERAL_NULL_CONVERSION = YES;
				CLANG_WARN_OBJC_IMPLICIT_RETAIN_SELF = YES;
				CLANG_WARN_OBJC_LITERAL_CONVERSION = YES;
				CLANG_WARN_OBJC_ROOT_CLASS = YES_ERROR;
				CLANG_WARN_QUOTED_INCLUDE_IN_FRAMEWORK_HEADER = YES;
				CLANG_WARN_RANGE_LOOP_ANALYSIS = YES;
				CLANG_WARN_STRICT_PROTOTYPES = YES;
				CLANG_WARN_SUSPICIOUS_MOVE = YES;
				CLANG_WARN_UNGUARDED_AVAILABILITY = YES_AGGRESSIVE;
				CLANG_WARN_UNREACHABLE_CODE = YES;
				CLANG_WARN__DUPLICATE_METHOD_MATCH = YES;
				COPY_PHASE_STRIP = NO;
				DEBUG_INFORMATION_FORMAT = "dwarf-with-dsym";
				ENABLE_NS_ASSERTIONS = NO;
				ENABLE_STRICT_OBJC_MSGSEND = YES;
				GCC_C_LANGUAGE_STANDARD = gnu11;
				GCC_NO_COMMON_BLOCKS = YES;
				GCC_WARN_64_TO_32_BIT_CONVERSION = YES;
				GCC_WARN_ABOUT_RETURN_TYPE = YES_ERROR;
				GCC_WARN_UNDECLARED_SELECTOR = YES;
				GCC_WARN_UNINITIALIZED_AUTOS = YES_AGGRESSIVE;
				GCC_WARN_UNUSED_FUNCTION = YES;
				GCC_WARN_UNUSED_VARIABLE = YES;
				IPHONEOS_DEPLOYMENT_TARGET = 16.2;
				MTL_ENABLE_DEBUG_INFO = NO;
				MTL_FAST_MATH = YES;
				SDKROOT = iphoneos;
				SWIFT_COMPILATION_MODE = wholemodule;
				SWIFT_OPTIMIZATION_LEVEL = "-O";
				VALIDATE_PRODUCT = YES;
			};
			name = Release;
		};
		DEC749D529CB7BF1006FD1A6 /* Debug */ = {
			isa = XCBuildConfiguration;
			buildSettings = {
				ASSETCATALOG_COMPILER_APPICON_NAME = AppIcon;
				ASSETCATALOG_COMPILER_GLOBAL_ACCENT_COLOR_NAME = AccentColor;
				CODE_SIGN_STYLE = Automatic;
				CURRENT_PROJECT_VERSION = 1;
				DEVELOPMENT_TEAM = 9QX6677CZ8;
				GENERATE_INFOPLIST_FILE = YES;
				INFOPLIST_FILE = unsplashViewer/Info.plist;
				INFOPLIST_KEY_UIApplicationSupportsIndirectInputEvents = YES;
				INFOPLIST_KEY_UILaunchStoryboardName = LaunchScreen;
				INFOPLIST_KEY_UIMainStoryboardFile = Main;
				INFOPLIST_KEY_UISupportedInterfaceOrientations = UIInterfaceOrientationPortrait;
				INFOPLIST_KEY_UISupportedInterfaceOrientations_iPad = "UIInterfaceOrientationLandscapeLeft UIInterfaceOrientationLandscapeRight UIInterfaceOrientationPortrait UIInterfaceOrientationPortraitUpsideDown";
				IPHONEOS_DEPLOYMENT_TARGET = 13.0;
				LD_RUNPATH_SEARCH_PATHS = (
					"$(inherited)",
					"@executable_path/Frameworks",
				);
				MARKETING_VERSION = 1.0;
				PRODUCT_BUNDLE_IDENTIFIER = heamex.belov.unsplashViewer;
				PRODUCT_NAME = "$(TARGET_NAME)";
				SUPPORTED_PLATFORMS = "iphoneos iphonesimulator";
				SUPPORTS_MACCATALYST = NO;
				SUPPORTS_MAC_DESIGNED_FOR_IPHONE_IPAD = YES;
				SWIFT_EMIT_LOC_STRINGS = YES;
				SWIFT_VERSION = 5.0;
				TARGETED_DEVICE_FAMILY = 1;
			};
			name = Debug;
		};
		DEC749D629CB7BF1006FD1A6 /* Release */ = {
			isa = XCBuildConfiguration;
			buildSettings = {
				ASSETCATALOG_COMPILER_APPICON_NAME = AppIcon;
				ASSETCATALOG_COMPILER_GLOBAL_ACCENT_COLOR_NAME = AccentColor;
				CODE_SIGN_STYLE = Automatic;
				CURRENT_PROJECT_VERSION = 1;
				DEVELOPMENT_TEAM = 9QX6677CZ8;
				GENERATE_INFOPLIST_FILE = YES;
				INFOPLIST_FILE = unsplashViewer/Info.plist;
				INFOPLIST_KEY_UIApplicationSupportsIndirectInputEvents = YES;
				INFOPLIST_KEY_UILaunchStoryboardName = LaunchScreen;
				INFOPLIST_KEY_UIMainStoryboardFile = Main;
				INFOPLIST_KEY_UISupportedInterfaceOrientations = UIInterfaceOrientationPortrait;
				INFOPLIST_KEY_UISupportedInterfaceOrientations_iPad = "UIInterfaceOrientationLandscapeLeft UIInterfaceOrientationLandscapeRight UIInterfaceOrientationPortrait UIInterfaceOrientationPortraitUpsideDown";
				IPHONEOS_DEPLOYMENT_TARGET = 13.0;
				LD_RUNPATH_SEARCH_PATHS = (
					"$(inherited)",
					"@executable_path/Frameworks",
				);
				MARKETING_VERSION = 1.0;
				PRODUCT_BUNDLE_IDENTIFIER = heamex.belov.unsplashViewer;
				PRODUCT_NAME = "$(TARGET_NAME)";
				SUPPORTED_PLATFORMS = "iphoneos iphonesimulator";
				SUPPORTS_MACCATALYST = NO;
				SUPPORTS_MAC_DESIGNED_FOR_IPHONE_IPAD = YES;
				SWIFT_EMIT_LOC_STRINGS = YES;
				SWIFT_VERSION = 5.0;
				TARGETED_DEVICE_FAMILY = 1;
			};
			name = Release;
		};
/* End XCBuildConfiguration section */

/* Begin XCConfigurationList section */
		DEC749BB29CB7BF0006FD1A6 /* Build configuration list for PBXProject "unsplashViewer" */ = {
			isa = XCConfigurationList;
			buildConfigurations = (
				DEC749D229CB7BF1006FD1A6 /* Debug */,
				DEC749D329CB7BF1006FD1A6 /* Release */,
			);
			defaultConfigurationIsVisible = 0;
			defaultConfigurationName = Release;
		};
		DEC749D429CB7BF1006FD1A6 /* Build configuration list for PBXNativeTarget "unsplashViewer" */ = {
			isa = XCConfigurationList;
			buildConfigurations = (
				DEC749D529CB7BF1006FD1A6 /* Debug */,
				DEC749D629CB7BF1006FD1A6 /* Release */,
			);
			defaultConfigurationIsVisible = 0;
			defaultConfigurationName = Release;
		};
/* End XCConfigurationList section */

/* Begin XCRemoteSwiftPackageReference section */
		DE38B1FA2A18161C00CCD7D0 /* XCRemoteSwiftPackageReference "ProgressHUD" */ = {
			isa = XCRemoteSwiftPackageReference;
			repositoryURL = "https://github.com/relatedcode/ProgressHUD";
			requirement = {
				kind = exactVersion;
				version = 13.6.2;
			};
		};
		DE3D67862A4E1C0A00B5D969 /* XCRemoteSwiftPackageReference "Kingfisher" */ = {
			isa = XCRemoteSwiftPackageReference;
			repositoryURL = "https://github.com/onevcat/Kingfisher.git";
			requirement = {
				kind = upToNextMajorVersion;
				minimumVersion = 7.0.0;
			};
		};
		DECBA4792A4F5DA000C28714 /* XCRemoteSwiftPackageReference "SwiftKeychainWrapper" */ = {
			isa = XCRemoteSwiftPackageReference;
			repositoryURL = "https://github.com/jrendel/SwiftKeychainWrapper";
			requirement = {
				kind = upToNextMajorVersion;
				minimumVersion = 4.0.0;
			};
		};
/* End XCRemoteSwiftPackageReference section */

/* Begin XCSwiftPackageProductDependency section */
		DE38B1FB2A18161C00CCD7D0 /* ProgressHUD */ = {
			isa = XCSwiftPackageProductDependency;
			package = DE38B1FA2A18161C00CCD7D0 /* XCRemoteSwiftPackageReference "ProgressHUD" */;
			productName = ProgressHUD;
		};
		DE3D67872A4E1C0A00B5D969 /* Kingfisher */ = {
			isa = XCSwiftPackageProductDependency;
			package = DE3D67862A4E1C0A00B5D969 /* XCRemoteSwiftPackageReference "Kingfisher" */;
			productName = Kingfisher;
		};
		DECBA47A2A4F5DA000C28714 /* SwiftKeychainWrapper */ = {
			isa = XCSwiftPackageProductDependency;
			package = DECBA4792A4F5DA000C28714 /* XCRemoteSwiftPackageReference "SwiftKeychainWrapper" */;
			productName = SwiftKeychainWrapper;
		};
/* End XCSwiftPackageProductDependency section */
	};
	rootObject = DEC749B829CB7BF0006FD1A6 /* Project object */;
}
